// !$*UTF8*$!
{
	archiveVersion = 1;
	classes = {
	};
	objectVersion = 56;
	objects = {

/* Begin PBXBuildFile section */
		02B82D29B5E69549B4A92831 /* Pods_RickAndMortyApp.framework in Frameworks */ = {isa = PBXBuildFile; fileRef = C9AEB21492C248425CB80F08 /* Pods_RickAndMortyApp.framework */; };
		2791EA4A29BB0B300036DF7B /* MainStoryboard.storyboard in Resources */ = {isa = PBXBuildFile; fileRef = 2791EA4929BB0B300036DF7B /* MainStoryboard.storyboard */; };
		2791EA5229BB0DCE0036DF7B /* CharacterListViewController.swift in Sources */ = {isa = PBXBuildFile; fileRef = 2791EA5129BB0DCE0036DF7B /* CharacterListViewController.swift */; };
		2791EA5429BB0DE80036DF7B /* CharacterListViewCoordinator.swift in Sources */ = {isa = PBXBuildFile; fileRef = 2791EA5329BB0DE80036DF7B /* CharacterListViewCoordinator.swift */; };
		2791EA5629BB0E350036DF7B /* CharacterListViewBuilder.swift in Sources */ = {isa = PBXBuildFile; fileRef = 2791EA5529BB0E350036DF7B /* CharacterListViewBuilder.swift */; };
		2791EA5A29BB0E5A0036DF7B /* CharacterDetailView.swift in Sources */ = {isa = PBXBuildFile; fileRef = 2791EA5929BB0E5A0036DF7B /* CharacterDetailView.swift */; };
		2791EA5F29BB12B80036DF7B /* CharacterListViewStoryboard.storyboard in Resources */ = {isa = PBXBuildFile; fileRef = 2791EA5E29BB12B80036DF7B /* CharacterListViewStoryboard.storyboard */; };
		2791EA6129BB12F90036DF7B /* CharacterListViewModel.swift in Sources */ = {isa = PBXBuildFile; fileRef = 2791EA6029BB12F90036DF7B /* CharacterListViewModel.swift */; };
		2791EA6329BF1EDA0036DF7B /* ApiEndpoint.swift in Sources */ = {isa = PBXBuildFile; fileRef = 2791EA6229BF1EDA0036DF7B /* ApiEndpoint.swift */; };
		2791EA6529BF24290036DF7B /* ApiRequest.swift in Sources */ = {isa = PBXBuildFile; fileRef = 2791EA6429BF24290036DF7B /* ApiRequest.swift */; };
		2791EA6729BF243A0036DF7B /* ApiService.swift in Sources */ = {isa = PBXBuildFile; fileRef = 2791EA6629BF243A0036DF7B /* ApiService.swift */; };
		2791EA6929BF259D0036DF7B /* CharacterModel.swift in Sources */ = {isa = PBXBuildFile; fileRef = 2791EA6829BF259D0036DF7B /* CharacterModel.swift */; };
		2791EA6B29BF25AD0036DF7B /* LocationModel.swift in Sources */ = {isa = PBXBuildFile; fileRef = 2791EA6A29BF25AD0036DF7B /* LocationModel.swift */; };
		2791EA6D29BF25B70036DF7B /* EpisodeModel.swift in Sources */ = {isa = PBXBuildFile; fileRef = 2791EA6C29BF25B70036DF7B /* EpisodeModel.swift */; };
		2791EA6F29BF26640036DF7B /* CharacterOriginModel.swift in Sources */ = {isa = PBXBuildFile; fileRef = 2791EA6E29BF26640036DF7B /* CharacterOriginModel.swift */; };
		2791EA7129BF27070036DF7B /* CharacterLocationModel.swift in Sources */ = {isa = PBXBuildFile; fileRef = 2791EA7029BF27070036DF7B /* CharacterLocationModel.swift */; };
		2791EA7329BF27B20036DF7B /* CharacterInfo.swift in Sources */ = {isa = PBXBuildFile; fileRef = 2791EA7229BF27B20036DF7B /* CharacterInfo.swift */; };
		2791EA7729C0758F0036DF7B /* CharacterListResponse.swift in Sources */ = {isa = PBXBuildFile; fileRef = 2791EA7629C0758F0036DF7B /* CharacterListResponse.swift */; };
		2791EA7929C0B6780036DF7B /* UIView+Extension.swift in Sources */ = {isa = PBXBuildFile; fileRef = 2791EA7829C0B6780036DF7B /* UIView+Extension.swift */; };
		27A8FB4129B8A63E007EB7D2 /* AppDelegate.swift in Sources */ = {isa = PBXBuildFile; fileRef = 27A8FB4029B8A63E007EB7D2 /* AppDelegate.swift */; };
		27A8FB4329B8A63E007EB7D2 /* SceneDelegate.swift in Sources */ = {isa = PBXBuildFile; fileRef = 27A8FB4229B8A63E007EB7D2 /* SceneDelegate.swift */; };
		27A8FB4529B8A63E007EB7D2 /* ViewController.swift in Sources */ = {isa = PBXBuildFile; fileRef = 27A8FB4429B8A63E007EB7D2 /* ViewController.swift */; };
		27A8FB4B29B8A63E007EB7D2 /* RickAndMortyApp.xcdatamodeld in Sources */ = {isa = PBXBuildFile; fileRef = 27A8FB4929B8A63E007EB7D2 /* RickAndMortyApp.xcdatamodeld */; };
		27A8FB4D29B8A63F007EB7D2 /* Assets.xcassets in Resources */ = {isa = PBXBuildFile; fileRef = 27A8FB4C29B8A63F007EB7D2 /* Assets.xcassets */; };
		27A8FB5029B8A63F007EB7D2 /* LaunchScreen.storyboard in Resources */ = {isa = PBXBuildFile; fileRef = 27A8FB4E29B8A63F007EB7D2 /* LaunchScreen.storyboard */; };
/* End PBXBuildFile section */

/* Begin PBXFileReference section */
		2791EA4929BB0B300036DF7B /* MainStoryboard.storyboard */ = {isa = PBXFileReference; lastKnownFileType = file.storyboard; path = MainStoryboard.storyboard; sourceTree = "<group>"; };
		2791EA5129BB0DCE0036DF7B /* CharacterListViewController.swift */ = {isa = PBXFileReference; lastKnownFileType = sourcecode.swift; path = CharacterListViewController.swift; sourceTree = "<group>"; };
		2791EA5329BB0DE80036DF7B /* CharacterListViewCoordinator.swift */ = {isa = PBXFileReference; lastKnownFileType = sourcecode.swift; path = CharacterListViewCoordinator.swift; sourceTree = "<group>"; };
		2791EA5529BB0E350036DF7B /* CharacterListViewBuilder.swift */ = {isa = PBXFileReference; lastKnownFileType = sourcecode.swift; path = CharacterListViewBuilder.swift; sourceTree = "<group>"; };
		2791EA5929BB0E5A0036DF7B /* CharacterDetailView.swift */ = {isa = PBXFileReference; lastKnownFileType = sourcecode.swift; path = CharacterDetailView.swift; sourceTree = "<group>"; };
		2791EA5E29BB12B80036DF7B /* CharacterListViewStoryboard.storyboard */ = {isa = PBXFileReference; lastKnownFileType = file.storyboard; path = CharacterListViewStoryboard.storyboard; sourceTree = "<group>"; };
		2791EA6029BB12F90036DF7B /* CharacterListViewModel.swift */ = {isa = PBXFileReference; lastKnownFileType = sourcecode.swift; path = CharacterListViewModel.swift; sourceTree = "<group>"; };
		2791EA6229BF1EDA0036DF7B /* ApiEndpoint.swift */ = {isa = PBXFileReference; lastKnownFileType = sourcecode.swift; path = ApiEndpoint.swift; sourceTree = "<group>"; };
		2791EA6429BF24290036DF7B /* ApiRequest.swift */ = {isa = PBXFileReference; lastKnownFileType = sourcecode.swift; path = ApiRequest.swift; sourceTree = "<group>"; };
		2791EA6629BF243A0036DF7B /* ApiService.swift */ = {isa = PBXFileReference; lastKnownFileType = sourcecode.swift; path = ApiService.swift; sourceTree = "<group>"; };
		2791EA6829BF259D0036DF7B /* CharacterModel.swift */ = {isa = PBXFileReference; lastKnownFileType = sourcecode.swift; path = CharacterModel.swift; sourceTree = "<group>"; };
		2791EA6A29BF25AD0036DF7B /* LocationModel.swift */ = {isa = PBXFileReference; lastKnownFileType = sourcecode.swift; path = LocationModel.swift; sourceTree = "<group>"; };
		2791EA6C29BF25B70036DF7B /* EpisodeModel.swift */ = {isa = PBXFileReference; lastKnownFileType = sourcecode.swift; path = EpisodeModel.swift; sourceTree = "<group>"; };
		2791EA6E29BF26640036DF7B /* CharacterOriginModel.swift */ = {isa = PBXFileReference; lastKnownFileType = sourcecode.swift; path = CharacterOriginModel.swift; sourceTree = "<group>"; };
		2791EA7029BF27070036DF7B /* CharacterLocationModel.swift */ = {isa = PBXFileReference; lastKnownFileType = sourcecode.swift; path = CharacterLocationModel.swift; sourceTree = "<group>"; };
		2791EA7229BF27B20036DF7B /* CharacterInfo.swift */ = {isa = PBXFileReference; lastKnownFileType = sourcecode.swift; path = CharacterInfo.swift; sourceTree = "<group>"; };
		2791EA7629C0758F0036DF7B /* CharacterListResponse.swift */ = {isa = PBXFileReference; lastKnownFileType = sourcecode.swift; path = CharacterListResponse.swift; sourceTree = "<group>"; };
		2791EA7829C0B6780036DF7B /* UIView+Extension.swift */ = {isa = PBXFileReference; lastKnownFileType = sourcecode.swift; path = "UIView+Extension.swift"; sourceTree = "<group>"; };
		27A8FB3D29B8A63E007EB7D2 /* RickAndMortyApp.app */ = {isa = PBXFileReference; explicitFileType = wrapper.application; includeInIndex = 0; path = RickAndMortyApp.app; sourceTree = BUILT_PRODUCTS_DIR; };
		27A8FB4029B8A63E007EB7D2 /* AppDelegate.swift */ = {isa = PBXFileReference; lastKnownFileType = sourcecode.swift; path = AppDelegate.swift; sourceTree = "<group>"; };
		27A8FB4229B8A63E007EB7D2 /* SceneDelegate.swift */ = {isa = PBXFileReference; lastKnownFileType = sourcecode.swift; path = SceneDelegate.swift; sourceTree = "<group>"; };
		27A8FB4429B8A63E007EB7D2 /* ViewController.swift */ = {isa = PBXFileReference; lastKnownFileType = sourcecode.swift; path = ViewController.swift; sourceTree = "<group>"; };
		27A8FB4A29B8A63E007EB7D2 /* RickAndMortyApp.xcdatamodel */ = {isa = PBXFileReference; lastKnownFileType = wrapper.xcdatamodel; path = RickAndMortyApp.xcdatamodel; sourceTree = "<group>"; };
		27A8FB4C29B8A63F007EB7D2 /* Assets.xcassets */ = {isa = PBXFileReference; lastKnownFileType = folder.assetcatalog; path = Assets.xcassets; sourceTree = "<group>"; };
		27A8FB4F29B8A63F007EB7D2 /* Base */ = {isa = PBXFileReference; lastKnownFileType = file.storyboard; name = Base; path = Base.lproj/LaunchScreen.storyboard; sourceTree = "<group>"; };
		27A8FB5129B8A63F007EB7D2 /* Info.plist */ = {isa = PBXFileReference; lastKnownFileType = text.plist.xml; path = Info.plist; sourceTree = "<group>"; };
		294D16073021160D23E0E530 /* Pods-RickAndMortyApp.debug.xcconfig */ = {isa = PBXFileReference; includeInIndex = 1; lastKnownFileType = text.xcconfig; name = "Pods-RickAndMortyApp.debug.xcconfig"; path = "Target Support Files/Pods-RickAndMortyApp/Pods-RickAndMortyApp.debug.xcconfig"; sourceTree = "<group>"; };
		C9AEB21492C248425CB80F08 /* Pods_RickAndMortyApp.framework */ = {isa = PBXFileReference; explicitFileType = wrapper.framework; includeInIndex = 0; path = Pods_RickAndMortyApp.framework; sourceTree = BUILT_PRODUCTS_DIR; };
		EF09CF449DBC6DBC8FE7F6C2 /* Pods-RickAndMortyApp.release.xcconfig */ = {isa = PBXFileReference; includeInIndex = 1; lastKnownFileType = text.xcconfig; name = "Pods-RickAndMortyApp.release.xcconfig"; path = "Target Support Files/Pods-RickAndMortyApp/Pods-RickAndMortyApp.release.xcconfig"; sourceTree = "<group>"; };
/* End PBXFileReference section */

/* Begin PBXFrameworksBuildPhase section */
		27A8FB3A29B8A63E007EB7D2 /* Frameworks */ = {
			isa = PBXFrameworksBuildPhase;
			buildActionMask = 2147483647;
			files = (
				02B82D29B5E69549B4A92831 /* Pods_RickAndMortyApp.framework in Frameworks */,
			);
			runOnlyForDeploymentPostprocessing = 0;
		};
/* End PBXFrameworksBuildPhase section */

/* Begin PBXGroup section */
		2791EA4B29BB0C910036DF7B /* Base */ = {
			isa = PBXGroup;
			children = (
				27A8FB4029B8A63E007EB7D2 /* AppDelegate.swift */,
				27A8FB4229B8A63E007EB7D2 /* SceneDelegate.swift */,
				2791EA4929BB0B300036DF7B /* MainStoryboard.storyboard */,
				27A8FB4429B8A63E007EB7D2 /* ViewController.swift */,
			);
			path = Base;
			sourceTree = "<group>";
		};
		2791EA4C29BB0CA20036DF7B /* Util */ = {
			isa = PBXGroup;
			children = (
				2791EA7829C0B6780036DF7B /* UIView+Extension.swift */,
			);
			path = Util;
			sourceTree = "<group>";
		};
		2791EA4D29BB0CAA0036DF7B /* Resources */ = {
			isa = PBXGroup;
			children = (
				27A8FB4E29B8A63F007EB7D2 /* LaunchScreen.storyboard */,
				27A8FB4C29B8A63F007EB7D2 /* Assets.xcassets */,
			);
			path = Resources;
			sourceTree = "<group>";
		};
		2791EA4E29BB0CB60036DF7B /* View */ = {
			isa = PBXGroup;
			children = (
				2791EA5C29BB129D0036DF7B /* CharacterListView */,
			);
			path = View;
			sourceTree = "<group>";
		};
		2791EA4F29BB0CF40036DF7B /* ViewModel */ = {
			isa = PBXGroup;
			children = (
				2791EA5829BB0E4D0036DF7B /* CharacterDetailView */,
				2791EA5729BB0E3A0036DF7B /* CharacterListView */,
			);
			path = ViewModel;
			sourceTree = "<group>";
		};
		2791EA5029BB0D160036DF7B /* Model */ = {
			isa = PBXGroup;
			children = (
				2791EA7529C0757A0036DF7B /* ResponseModel */,
				2791EA7429C075710036DF7B /* DataModel */,
			);
			path = Model;
			sourceTree = "<group>";
		};
		2791EA5729BB0E3A0036DF7B /* CharacterListView */ = {
			isa = PBXGroup;
			children = (
				2791EA5329BB0DE80036DF7B /* CharacterListViewCoordinator.swift */,
				2791EA5529BB0E350036DF7B /* CharacterListViewBuilder.swift */,
				2791EA6029BB12F90036DF7B /* CharacterListViewModel.swift */,
			);
			path = CharacterListView;
			sourceTree = "<group>";
		};
		2791EA5829BB0E4D0036DF7B /* CharacterDetailView */ = {
			isa = PBXGroup;
			children = (
				2791EA5929BB0E5A0036DF7B /* CharacterDetailView.swift */,
			);
			path = CharacterDetailView;
			sourceTree = "<group>";
		};
		2791EA5B29BB0ECB0036DF7B /* Service */ = {
			isa = PBXGroup;
			children = (
				2791EA6229BF1EDA0036DF7B /* ApiEndpoint.swift */,
				2791EA6429BF24290036DF7B /* ApiRequest.swift */,
				2791EA6629BF243A0036DF7B /* ApiService.swift */,
			);
			path = Service;
			sourceTree = "<group>";
		};
		2791EA5C29BB129D0036DF7B /* CharacterListView */ = {
			isa = PBXGroup;
			children = (
				2791EA5129BB0DCE0036DF7B /* CharacterListViewController.swift */,
				2791EA5E29BB12B80036DF7B /* CharacterListViewStoryboard.storyboard */,
			);
			path = CharacterListView;
			sourceTree = "<group>";
		};
		2791EA7429C075710036DF7B /* DataModel */ = {
			isa = PBXGroup;
			children = (
				2791EA6829BF259D0036DF7B /* CharacterModel.swift */,
				2791EA6A29BF25AD0036DF7B /* LocationModel.swift */,
				2791EA6C29BF25B70036DF7B /* EpisodeModel.swift */,
				2791EA6E29BF26640036DF7B /* CharacterOriginModel.swift */,
				2791EA7029BF27070036DF7B /* CharacterLocationModel.swift */,
				2791EA7229BF27B20036DF7B /* CharacterInfo.swift */,
			);
			path = DataModel;
			sourceTree = "<group>";
		};
		2791EA7529C0757A0036DF7B /* ResponseModel */ = {
			isa = PBXGroup;
			children = (
				2791EA7629C0758F0036DF7B /* CharacterListResponse.swift */,
			);
			path = ResponseModel;
			sourceTree = "<group>";
		};
		27A8FB3429B8A63E007EB7D2 = {
			isa = PBXGroup;
			children = (
				27A8FB3F29B8A63E007EB7D2 /* RickAndMortyApp */,
				27A8FB3E29B8A63E007EB7D2 /* Products */,
				E6D2302E64BC3A7A08A29BBE /* Pods */,
				9CF64FE0DFA005536BCF43B9 /* Frameworks */,
			);
			sourceTree = "<group>";
		};
		27A8FB3E29B8A63E007EB7D2 /* Products */ = {
			isa = PBXGroup;
			children = (
				27A8FB3D29B8A63E007EB7D2 /* RickAndMortyApp.app */,
			);
			name = Products;
			sourceTree = "<group>";
		};
		27A8FB3F29B8A63E007EB7D2 /* RickAndMortyApp */ = {
			isa = PBXGroup;
			children = (
				2791EA5B29BB0ECB0036DF7B /* Service */,
				2791EA5029BB0D160036DF7B /* Model */,
				2791EA4F29BB0CF40036DF7B /* ViewModel */,
				2791EA4E29BB0CB60036DF7B /* View */,
				2791EA4D29BB0CAA0036DF7B /* Resources */,
				2791EA4C29BB0CA20036DF7B /* Util */,
				2791EA4B29BB0C910036DF7B /* Base */,
				27A8FB5129B8A63F007EB7D2 /* Info.plist */,
				27A8FB4929B8A63E007EB7D2 /* RickAndMortyApp.xcdatamodeld */,
			);
			path = RickAndMortyApp;
			sourceTree = "<group>";
		};
		9CF64FE0DFA005536BCF43B9 /* Frameworks */ = {
			isa = PBXGroup;
			children = (
				C9AEB21492C248425CB80F08 /* Pods_RickAndMortyApp.framework */,
			);
			name = Frameworks;
			sourceTree = "<group>";
		};
		E6D2302E64BC3A7A08A29BBE /* Pods */ = {
			isa = PBXGroup;
			children = (
				294D16073021160D23E0E530 /* Pods-RickAndMortyApp.debug.xcconfig */,
				EF09CF449DBC6DBC8FE7F6C2 /* Pods-RickAndMortyApp.release.xcconfig */,
			);
			path = Pods;
			sourceTree = "<group>";
		};
/* End PBXGroup section */

/* Begin PBXNativeTarget section */
		27A8FB3C29B8A63E007EB7D2 /* RickAndMortyApp */ = {
			isa = PBXNativeTarget;
			buildConfigurationList = 27A8FB5429B8A63F007EB7D2 /* Build configuration list for PBXNativeTarget "RickAndMortyApp" */;
			buildPhases = (
				2DF47A9BA5E5B09668E392E6 /* [CP] Check Pods Manifest.lock */,
				27A8FB3929B8A63E007EB7D2 /* Sources */,
				27A8FB3A29B8A63E007EB7D2 /* Frameworks */,
				27A8FB3B29B8A63E007EB7D2 /* Resources */,
				E958FE46662C2BA3173AFFA2 /* [CP] Embed Pods Frameworks */,
			);
			buildRules = (
			);
			dependencies = (
			);
			name = RickAndMortyApp;
			productName = RickAndMortyApp;
			productReference = 27A8FB3D29B8A63E007EB7D2 /* RickAndMortyApp.app */;
			productType = "com.apple.product-type.application";
		};
/* End PBXNativeTarget section */

/* Begin PBXProject section */
		27A8FB3529B8A63E007EB7D2 /* Project object */ = {
			isa = PBXProject;
			attributes = {
				BuildIndependentTargetsInParallel = 1;
				LastSwiftUpdateCheck = 1420;
				LastUpgradeCheck = 1420;
				TargetAttributes = {
					27A8FB3C29B8A63E007EB7D2 = {
						CreatedOnToolsVersion = 14.2;
					};
				};
			};
			buildConfigurationList = 27A8FB3829B8A63E007EB7D2 /* Build configuration list for PBXProject "RickAndMortyApp" */;
			compatibilityVersion = "Xcode 14.0";
			developmentRegion = en;
			hasScannedForEncodings = 0;
			knownRegions = (
				en,
				Base,
			);
			mainGroup = 27A8FB3429B8A63E007EB7D2;
			productRefGroup = 27A8FB3E29B8A63E007EB7D2 /* Products */;
			projectDirPath = "";
			projectRoot = "";
			targets = (
				27A8FB3C29B8A63E007EB7D2 /* RickAndMortyApp */,
			);
		};
/* End PBXProject section */

/* Begin PBXResourcesBuildPhase section */
		27A8FB3B29B8A63E007EB7D2 /* Resources */ = {
			isa = PBXResourcesBuildPhase;
			buildActionMask = 2147483647;
			files = (
				27A8FB5029B8A63F007EB7D2 /* LaunchScreen.storyboard in Resources */,
				27A8FB4D29B8A63F007EB7D2 /* Assets.xcassets in Resources */,
				2791EA5F29BB12B80036DF7B /* CharacterListViewStoryboard.storyboard in Resources */,
				2791EA4A29BB0B300036DF7B /* MainStoryboard.storyboard in Resources */,
			);
			runOnlyForDeploymentPostprocessing = 0;
		};
/* End PBXResourcesBuildPhase section */

/* Begin PBXShellScriptBuildPhase section */
		2DF47A9BA5E5B09668E392E6 /* [CP] Check Pods Manifest.lock */ = {
			isa = PBXShellScriptBuildPhase;
			buildActionMask = 2147483647;
			files = (
			);
			inputFileListPaths = (
			);
			inputPaths = (
				"${PODS_PODFILE_DIR_PATH}/Podfile.lock",
				"${PODS_ROOT}/Manifest.lock",
			);
			name = "[CP] Check Pods Manifest.lock";
			outputFileListPaths = (
			);
			outputPaths = (
				"$(DERIVED_FILE_DIR)/Pods-RickAndMortyApp-checkManifestLockResult.txt",
			);
			runOnlyForDeploymentPostprocessing = 0;
			shellPath = /bin/sh;
			shellScript = "diff \"${PODS_PODFILE_DIR_PATH}/Podfile.lock\" \"${PODS_ROOT}/Manifest.lock\" > /dev/null\nif [ $? != 0 ] ; then\n    # print error to STDERR\n    echo \"error: The sandbox is not in sync with the Podfile.lock. Run 'pod install' or update your CocoaPods installation.\" >&2\n    exit 1\nfi\n# This output is used by Xcode 'outputs' to avoid re-running this script phase.\necho \"SUCCESS\" > \"${SCRIPT_OUTPUT_FILE_0}\"\n";
			showEnvVarsInLog = 0;
		};
		E958FE46662C2BA3173AFFA2 /* [CP] Embed Pods Frameworks */ = {
			isa = PBXShellScriptBuildPhase;
			buildActionMask = 2147483647;
			files = (
			);
			inputFileListPaths = (
				"${PODS_ROOT}/Target Support Files/Pods-RickAndMortyApp/Pods-RickAndMortyApp-frameworks-${CONFIGURATION}-input-files.xcfilelist",
			);
			name = "[CP] Embed Pods Frameworks";
			outputFileListPaths = (
				"${PODS_ROOT}/Target Support Files/Pods-RickAndMortyApp/Pods-RickAndMortyApp-frameworks-${CONFIGURATION}-output-files.xcfilelist",
			);
			runOnlyForDeploymentPostprocessing = 0;
			shellPath = /bin/sh;
			shellScript = "\"${PODS_ROOT}/Target Support Files/Pods-RickAndMortyApp/Pods-RickAndMortyApp-frameworks.sh\"\n";
			showEnvVarsInLog = 0;
		};
/* End PBXShellScriptBuildPhase section */

/* Begin PBXSourcesBuildPhase section */
		27A8FB3929B8A63E007EB7D2 /* Sources */ = {
			isa = PBXSourcesBuildPhase;
			buildActionMask = 2147483647;
			files = (
				2791EA6929BF259D0036DF7B /* CharacterModel.swift in Sources */,
				2791EA5629BB0E350036DF7B /* CharacterListViewBuilder.swift in Sources */,
				27A8FB4B29B8A63E007EB7D2 /* RickAndMortyApp.xcdatamodeld in Sources */,
				2791EA6729BF243A0036DF7B /* ApiService.swift in Sources */,
				2791EA5429BB0DE80036DF7B /* CharacterListViewCoordinator.swift in Sources */,
				27A8FB4529B8A63E007EB7D2 /* ViewController.swift in Sources */,
				2791EA6129BB12F90036DF7B /* CharacterListViewModel.swift in Sources */,
				2791EA5229BB0DCE0036DF7B /* CharacterListViewController.swift in Sources */,
				2791EA7729C0758F0036DF7B /* CharacterListResponse.swift in Sources */,
				27A8FB4129B8A63E007EB7D2 /* AppDelegate.swift in Sources */,
				2791EA6329BF1EDA0036DF7B /* ApiEndpoint.swift in Sources */,
				2791EA7129BF27070036DF7B /* CharacterLocationModel.swift in Sources */,
				2791EA6F29BF26640036DF7B /* CharacterOriginModel.swift in Sources */,
				27A8FB4329B8A63E007EB7D2 /* SceneDelegate.swift in Sources */,
				2791EA6529BF24290036DF7B /* ApiRequest.swift in Sources */,
				2791EA6B29BF25AD0036DF7B /* LocationModel.swift in Sources */,
				2791EA5A29BB0E5A0036DF7B /* CharacterDetailView.swift in Sources */,
				2791EA7329BF27B20036DF7B /* CharacterInfo.swift in Sources */,
				2791EA7929C0B6780036DF7B /* UIView+Extension.swift in Sources */,
				2791EA6D29BF25B70036DF7B /* EpisodeModel.swift in Sources */,
			);
			runOnlyForDeploymentPostprocessing = 0;
		};
/* End PBXSourcesBuildPhase section */

/* Begin PBXVariantGroup section */
		27A8FB4E29B8A63F007EB7D2 /* LaunchScreen.storyboard */ = {
			isa = PBXVariantGroup;
			children = (
				27A8FB4F29B8A63F007EB7D2 /* Base */,
			);
			name = LaunchScreen.storyboard;
			sourceTree = "<group>";
		};
/* End PBXVariantGroup section */

/* Begin XCBuildConfiguration section */
		27A8FB5229B8A63F007EB7D2 /* Debug */ = {
			isa = XCBuildConfiguration;
			buildSettings = {
				ALWAYS_SEARCH_USER_PATHS = NO;
				CLANG_ANALYZER_NONNULL = YES;
				CLANG_ANALYZER_NUMBER_OBJECT_CONVERSION = YES_AGGRESSIVE;
				CLANG_CXX_LANGUAGE_STANDARD = "gnu++20";
				CLANG_ENABLE_MODULES = YES;
				CLANG_ENABLE_OBJC_ARC = YES;
				CLANG_ENABLE_OBJC_WEAK = YES;
				CLANG_WARN_BLOCK_CAPTURE_AUTORELEASING = YES;
				CLANG_WARN_BOOL_CONVERSION = YES;
				CLANG_WARN_COMMA = YES;
				CLANG_WARN_CONSTANT_CONVERSION = YES;
				CLANG_WARN_DEPRECATED_OBJC_IMPLEMENTATIONS = YES;
				CLANG_WARN_DIRECT_OBJC_ISA_USAGE = YES_ERROR;
				CLANG_WARN_DOCUMENTATION_COMMENTS = YES;
				CLANG_WARN_EMPTY_BODY = YES;
				CLANG_WARN_ENUM_CONVERSION = YES;
				CLANG_WARN_INFINITE_RECURSION = YES;
				CLANG_WARN_INT_CONVERSION = YES;
				CLANG_WARN_NON_LITERAL_NULL_CONVERSION = YES;
				CLANG_WARN_OBJC_IMPLICIT_RETAIN_SELF = YES;
				CLANG_WARN_OBJC_LITERAL_CONVERSION = YES;
				CLANG_WARN_OBJC_ROOT_CLASS = YES_ERROR;
				CLANG_WARN_QUOTED_INCLUDE_IN_FRAMEWORK_HEADER = YES;
				CLANG_WARN_RANGE_LOOP_ANALYSIS = YES;
				CLANG_WARN_STRICT_PROTOTYPES = YES;
				CLANG_WARN_SUSPICIOUS_MOVE = YES;
				CLANG_WARN_UNGUARDED_AVAILABILITY = YES_AGGRESSIVE;
				CLANG_WARN_UNREACHABLE_CODE = YES;
				CLANG_WARN__DUPLICATE_METHOD_MATCH = YES;
				COPY_PHASE_STRIP = NO;
				DEBUG_INFORMATION_FORMAT = dwarf;
				ENABLE_STRICT_OBJC_MSGSEND = YES;
				ENABLE_TESTABILITY = YES;
				GCC_C_LANGUAGE_STANDARD = gnu11;
				GCC_DYNAMIC_NO_PIC = NO;
				GCC_NO_COMMON_BLOCKS = YES;
				GCC_OPTIMIZATION_LEVEL = 0;
				GCC_PREPROCESSOR_DEFINITIONS = (
					"DEBUG=1",
					"$(inherited)",
				);
				GCC_WARN_64_TO_32_BIT_CONVERSION = YES;
				GCC_WARN_ABOUT_RETURN_TYPE = YES_ERROR;
				GCC_WARN_UNDECLARED_SELECTOR = YES;
				GCC_WARN_UNINITIALIZED_AUTOS = YES_AGGRESSIVE;
				GCC_WARN_UNUSED_FUNCTION = YES;
				GCC_WARN_UNUSED_VARIABLE = YES;
				IPHONEOS_DEPLOYMENT_TARGET = 16.2;
				MTL_ENABLE_DEBUG_INFO = INCLUDE_SOURCE;
				MTL_FAST_MATH = YES;
				ONLY_ACTIVE_ARCH = YES;
				SDKROOT = iphoneos;
				SWIFT_ACTIVE_COMPILATION_CONDITIONS = DEBUG;
				SWIFT_OPTIMIZATION_LEVEL = "-Onone";
			};
			name = Debug;
		};
		27A8FB5329B8A63F007EB7D2 /* Release */ = {
			isa = XCBuildConfiguration;
			buildSettings = {
				ALWAYS_SEARCH_USER_PATHS = NO;
				CLANG_ANALYZER_NONNULL = YES;
				CLANG_ANALYZER_NUMBER_OBJECT_CONVERSION = YES_AGGRESSIVE;
				CLANG_CXX_LANGUAGE_STANDARD = "gnu++20";
				CLANG_ENABLE_MODULES = YES;
				CLANG_ENABLE_OBJC_ARC = YES;
				CLANG_ENABLE_OBJC_WEAK = YES;
				CLANG_WARN_BLOCK_CAPTURE_AUTORELEASING = YES;
				CLANG_WARN_BOOL_CONVERSION = YES;
				CLANG_WARN_COMMA = YES;
				CLANG_WARN_CONSTANT_CONVERSION = YES;
				CLANG_WARN_DEPRECATED_OBJC_IMPLEMENTATIONS = YES;
				CLANG_WARN_DIRECT_OBJC_ISA_USAGE = YES_ERROR;
				CLANG_WARN_DOCUMENTATION_COMMENTS = YES;
				CLANG_WARN_EMPTY_BODY = YES;
				CLANG_WARN_ENUM_CONVERSION = YES;
				CLANG_WARN_INFINITE_RECURSION = YES;
				CLANG_WARN_INT_CONVERSION = YES;
				CLANG_WARN_NON_LITERAL_NULL_CONVERSION = YES;
				CLANG_WARN_OBJC_IMPLICIT_RETAIN_SELF = YES;
				CLANG_WARN_OBJC_LITERAL_CONVERSION = YES;
				CLANG_WARN_OBJC_ROOT_CLASS = YES_ERROR;
				CLANG_WARN_QUOTED_INCLUDE_IN_FRAMEWORK_HEADER = YES;
				CLANG_WARN_RANGE_LOOP_ANALYSIS = YES;
				CLANG_WARN_STRICT_PROTOTYPES = YES;
				CLANG_WARN_SUSPICIOUS_MOVE = YES;
				CLANG_WARN_UNGUARDED_AVAILABILITY = YES_AGGRESSIVE;
				CLANG_WARN_UNREACHABLE_CODE = YES;
				CLANG_WARN__DUPLICATE_METHOD_MATCH = YES;
				COPY_PHASE_STRIP = NO;
				DEBUG_INFORMATION_FORMAT = "dwarf-with-dsym";
				ENABLE_NS_ASSERTIONS = NO;
				ENABLE_STRICT_OBJC_MSGSEND = YES;
				GCC_C_LANGUAGE_STANDARD = gnu11;
				GCC_NO_COMMON_BLOCKS = YES;
				GCC_WARN_64_TO_32_BIT_CONVERSION = YES;
				GCC_WARN_ABOUT_RETURN_TYPE = YES_ERROR;
				GCC_WARN_UNDECLARED_SELECTOR = YES;
				GCC_WARN_UNINITIALIZED_AUTOS = YES_AGGRESSIVE;
				GCC_WARN_UNUSED_FUNCTION = YES;
				GCC_WARN_UNUSED_VARIABLE = YES;
				IPHONEOS_DEPLOYMENT_TARGET = 16.2;
				MTL_ENABLE_DEBUG_INFO = NO;
				MTL_FAST_MATH = YES;
				SDKROOT = iphoneos;
				SWIFT_COMPILATION_MODE = wholemodule;
				SWIFT_OPTIMIZATION_LEVEL = "-O";
				VALIDATE_PRODUCT = YES;
			};
			name = Release;
		};
		27A8FB5529B8A63F007EB7D2 /* Debug */ = {
			isa = XCBuildConfiguration;
			baseConfigurationReference = 294D16073021160D23E0E530 /* Pods-RickAndMortyApp.debug.xcconfig */;
			buildSettings = {
				ASSETCATALOG_COMPILER_APPICON_NAME = AppIcon;
				ASSETCATALOG_COMPILER_GLOBAL_ACCENT_COLOR_NAME = AccentColor;
				CODE_SIGN_STYLE = Automatic;
				CURRENT_PROJECT_VERSION = 1;
				DEVELOPMENT_TEAM = VS6N5DBC8A;
				GENERATE_INFOPLIST_FILE = YES;
				INFOPLIST_FILE = RickAndMortyApp/Info.plist;
				INFOPLIST_KEY_UIApplicationSupportsIndirectInputEvents = YES;
				INFOPLIST_KEY_UILaunchStoryboardName = LaunchScreen;
				INFOPLIST_KEY_UISupportedInterfaceOrientations_iPad = "UIInterfaceOrientationPortrait UIInterfaceOrientationPortraitUpsideDown UIInterfaceOrientationLandscapeLeft UIInterfaceOrientationLandscapeRight";
				INFOPLIST_KEY_UISupportedInterfaceOrientations_iPhone = "UIInterfaceOrientationPortrait UIInterfaceOrientationLandscapeLeft UIInterfaceOrientationLandscapeRight";
				LD_RUNPATH_SEARCH_PATHS = (
					"$(inherited)",
					"@executable_path/Frameworks",
				);
				MARKETING_VERSION = 1.0;
				PRODUCT_BUNDLE_IDENTIFIER = com.kaangokcek.RickAndMortyApp;
				PRODUCT_NAME = "$(TARGET_NAME)";
				SWIFT_EMIT_LOC_STRINGS = YES;
				SWIFT_VERSION = 5.0;
				TARGETED_DEVICE_FAMILY = "1,2";
			};
			name = Debug;
		};
		27A8FB5629B8A63F007EB7D2 /* Release */ = {
			isa = XCBuildConfiguration;
			baseConfigurationReference = EF09CF449DBC6DBC8FE7F6C2 /* Pods-RickAndMortyApp.release.xcconfig */;
			buildSettings = {
				ASSETCATALOG_COMPILER_APPICON_NAME = AppIcon;
				ASSETCATALOG_COMPILER_GLOBAL_ACCENT_COLOR_NAME = AccentColor;
				CODE_SIGN_STYLE = Automatic;
				CURRENT_PROJECT_VERSION = 1;
				DEVELOPMENT_TEAM = VS6N5DBC8A;
				GENERATE_INFOPLIST_FILE = YES;
				INFOPLIST_FILE = RickAndMortyApp/Info.plist;
				INFOPLIST_KEY_UIApplicationSupportsIndirectInputEvents = YES;
				INFOPLIST_KEY_UILaunchStoryboardName = LaunchScreen;
				INFOPLIST_KEY_UISupportedInterfaceOrientations_iPad = "UIInterfaceOrientationPortrait UIInterfaceOrientationPortraitUpsideDown UIInterfaceOrientationLandscapeLeft UIInterfaceOrientationLandscapeRight";
				INFOPLIST_KEY_UISupportedInterfaceOrientations_iPhone = "UIInterfaceOrientationPortrait UIInterfaceOrientationLandscapeLeft UIInterfaceOrientationLandscapeRight";
				LD_RUNPATH_SEARCH_PATHS = (
					"$(inherited)",
					"@executable_path/Frameworks",
				);
				MARKETING_VERSION = 1.0;
				PRODUCT_BUNDLE_IDENTIFIER = com.kaangokcek.RickAndMortyApp;
				PRODUCT_NAME = "$(TARGET_NAME)";
				SWIFT_EMIT_LOC_STRINGS = YES;
				SWIFT_VERSION = 5.0;
				TARGETED_DEVICE_FAMILY = "1,2";
			};
			name = Release;
		};
/* End XCBuildConfiguration section */

/* Begin XCConfigurationList section */
		27A8FB3829B8A63E007EB7D2 /* Build configuration list for PBXProject "RickAndMortyApp" */ = {
			isa = XCConfigurationList;
			buildConfigurations = (
				27A8FB5229B8A63F007EB7D2 /* Debug */,
				27A8FB5329B8A63F007EB7D2 /* Release */,
			);
			defaultConfigurationIsVisible = 0;
			defaultConfigurationName = Release;
		};
		27A8FB5429B8A63F007EB7D2 /* Build configuration list for PBXNativeTarget "RickAndMortyApp" */ = {
			isa = XCConfigurationList;
			buildConfigurations = (
				27A8FB5529B8A63F007EB7D2 /* Debug */,
				27A8FB5629B8A63F007EB7D2 /* Release */,
			);
			defaultConfigurationIsVisible = 0;
			defaultConfigurationName = Release;
		};
/* End XCConfigurationList section */

/* Begin XCVersionGroup section */
		27A8FB4929B8A63E007EB7D2 /* RickAndMortyApp.xcdatamodeld */ = {
			isa = XCVersionGroup;
			children = (
				27A8FB4A29B8A63E007EB7D2 /* RickAndMortyApp.xcdatamodel */,
			);
			currentVersion = 27A8FB4A29B8A63E007EB7D2 /* RickAndMortyApp.xcdatamodel */;
			path = RickAndMortyApp.xcdatamodeld;
			sourceTree = "<group>";
			versionGroupType = wrapper.xcdatamodel;
		};
/* End XCVersionGroup section */
	};
	rootObject = 27A8FB3529B8A63E007EB7D2 /* Project object */;
}
